
Microsoft Visual Studio Solution File, Format Version 12.00
# Visual Studio 15
VisualStudioVersion = 15.0.28010.2046
MinimumVisualStudioVersion = 10.0.40219.1
Project("{FAE04EC0-301F-11D3-BF4B-00C04F79EFBC}") = "RLBotAutoRunner", "RLBotAutoRunner\RLBotAutoRunner.csproj", "{D4A38BFF-6A62-4B8A-A3A0-BE3FBE870D84}"
EndProject
Project("{2150E333-8FDC-42A3-9474-1A3956D46DE8}") = "Example", "Example", "{A3DEF1ED-FC2C-474B-8218-BA1F60C70274}"
	ProjectSection(SolutionItems) = preProject
		example.cfg = example.cfg
		example.metadata = example.metadata
	EndProjectSection
EndProject
Global
	GlobalSection(SolutionConfigurationPlatforms) = preSolution
		Debug|Any CPU = Debug|Any CPU
		Release|Any CPU = Release|Any CPU
	EndGlobalSection
	GlobalSection(ProjectConfigurationPlatforms) = postSolution
		{D4A38BFF-6A62-4B8A-A3A0-BE3FBE870D84}.Debug|Any CPU.ActiveCfg = Debug|Any CPU
		{D4A38BFF-6A62-4B8A-A3A0-BE3FBE870D84}.Debug|Any CPU.Build.0 = Debug|Any CPU
		{D4A38BFF-6A62-4B8A-A3A0-BE3FBE870D84}.Release|Any CPU.ActiveCfg = Release|Any CPU
		{D4A38BFF-6A62-4B8A-A3A0-BE3FBE870D84}.Release|Any CPU.Build.0 = Release|Any CPU
	EndGlobalSection
	GlobalSection(SolutionProperties) = preSolution
		HideSolutionNode = FALSE
	EndGlobalSection
	GlobalSection(ExtensibilityGlobals) = postSolution
		SolutionGuid = {F8B6A293-F766-4008-8C68-C13D26FA5AE0}
	EndGlobalSection
EndGlobal
